{
  "originHash" : "89791fac56df978b48ddd1cf2d2ce1a930f6a3b565711d92f0448b682f418226",
  "pins" : [
    {
      "identity" : "rainmaker",
      "kind" : "remoteSourceControl",
      "location" : "https://github.com/i2h3/rainmaker",
      "state" : {
        "branch" : "main",
        "revision" : "26d18edcb928ee2bd3cbb7be45414ef2ad168e2b"
      }
    },
    {
      "identity" : "swift-argument-parser",
      "kind" : "remoteSourceControl",
      "location" : "https://github.com/apple/swift-argument-parser",
      "state" : {
        "revision" : "626b5b7b2f45e1b0b1c6f4a309296d1d21d7311b",
        "version" : "1.7.1"
      }
    }
  ],
  "version" : 3
}
